
Microsoft Visual Studio Solution File, Format Version 12.00
# Visual Studio 15
VisualStudioVersion = 15.0.28010.2026
MinimumVisualStudioVersion = 10.0.40219.1
Project("{FAE04EC0-301F-11D3-BF4B-00C04F79EFBC}") = "PatternsHW4", "PatternsHW4\PatternsHW4.csproj", "{F8AE64EB-556A-4D9F-AF40-BA4FB4DBC481}"
EndProject
Project("{FAE04EC0-301F-11D3-BF4B-00C04F79EFBC}") = "SingletonLazy", "SingletonLazy\SingletonLazy.csproj", "{862D1F07-7D29-445A-BED1-16E02BA106B1}"
EndProject
Global
	GlobalSection(SolutionConfigurationPlatforms) = preSolution
		Debug|Any CPU = Debug|Any CPU
		Release|Any CPU = Release|Any CPU
	EndGlobalSection
	GlobalSection(ProjectConfigurationPlatforms) = postSolution
		{F8AE64EB-556A-4D9F-AF40-BA4FB4DBC481}.Debug|Any CPU.ActiveCfg = Debug|Any CPU
		{F8AE64EB-556A-4D9F-AF40-BA4FB4DBC481}.Debug|Any CPU.Build.0 = Debug|Any CPU
		{F8AE64EB-556A-4D9F-AF40-BA4FB4DBC481}.Release|Any CPU.ActiveCfg = Release|Any CPU
		{F8AE64EB-556A-4D9F-AF40-BA4FB4DBC481}.Release|Any CPU.Build.0 = Release|Any CPU
		{862D1F07-7D29-445A-BED1-16E02BA106B1}.Debug|Any CPU.ActiveCfg = Debug|Any CPU
		{862D1F07-7D29-445A-BED1-16E02BA106B1}.Debug|Any CPU.Build.0 = Debug|Any CPU
		{862D1F07-7D29-445A-BED1-16E02BA106B1}.Release|Any CPU.ActiveCfg = Release|Any CPU
		{862D1F07-7D29-445A-BED1-16E02BA106B1}.Release|Any CPU.Build.0 = Release|Any CPU
	EndGlobalSection
	GlobalSection(SolutionProperties) = preSolution
		HideSolutionNode = FALSE
	EndGlobalSection
	GlobalSection(ExtensibilityGlobals) = postSolution
		SolutionGuid = {4BEDAA24-5B74-46AB-9DD7-5089B28DA091}
	EndGlobalSection
EndGlobal
