
Microsoft Visual Studio Solution File, Format Version 12.00
# Visual Studio 15
VisualStudioVersion = 15.0.28010.2026
MinimumVisualStudioVersion = 10.0.40219.1
Project("{FAE04EC0-301F-11D3-BF4B-00C04F79EFBC}") = "PatternsHW5", "PatternsHW5\PatternsHW5.csproj", "{6A427A79-B488-4312-ACE4-CBF5952BAF31}"
EndProject
Global
	GlobalSection(SolutionConfigurationPlatforms) = preSolution
		Debug|Any CPU = Debug|Any CPU
		Release|Any CPU = Release|Any CPU
	EndGlobalSection
	GlobalSection(ProjectConfigurationPlatforms) = postSolution
		{6A427A79-B488-4312-ACE4-CBF5952BAF31}.Debug|Any CPU.ActiveCfg = Debug|Any CPU
		{6A427A79-B488-4312-ACE4-CBF5952BAF31}.Debug|Any CPU.Build.0 = Debug|Any CPU
		{6A427A79-B488-4312-ACE4-CBF5952BAF31}.Release|Any CPU.ActiveCfg = Release|Any CPU
		{6A427A79-B488-4312-ACE4-CBF5952BAF31}.Release|Any CPU.Build.0 = Release|Any CPU
	EndGlobalSection
	GlobalSection(SolutionProperties) = preSolution
		HideSolutionNode = FALSE
	EndGlobalSection
	GlobalSection(ExtensibilityGlobals) = postSolution
		SolutionGuid = {C1CBB75E-1E57-4F75-8E12-C9738831C68C}
	EndGlobalSection
EndGlobal
